{
  "lockfileVersion": 1,
  "workspaces": {
    "": {
      "dependencies": {
        "babel-plugin-react-compiler": "^1.0.0",
      },
    },
  },
  "packages": {
    "@babel/helper-string-parser": ["@babel/helper-string-parser@7.27.1", "", {}, "sha512-qMlSxKbpRlAridDExk92nSobyDdpPijUq2DW6oDnUqd0iOGxmQjyqhMIihI9+zv4LPyZdRje2cavWPbCbWm3eA=="],

    "@babel/helper-validator-identifier": ["@babel/helper-validator-identifier@7.28.5", "", {}, "sha512-qSs4ifwzKJSV39ucNjsvc6WVHs6b7S03sOh2OcHF9UHfVPqWWALUsNUVzhSBiItjRZoLHx7nIarVjqKVusUZ1Q=="],

    "@babel/types": ["@babel/types@7.28.5", "", { "dependencies": { "@babel/helper-string-parser": "^7.27.1", "@babel/helper-validator-identifier": "^7.28.5" } }, "sha512-qQ5m48eI/MFLQ5PxQj4PFaprjyCTLI37ElWMmNs0K8Lk3dVeOdNpB3ks8jc7yM5CDmVC73eMVk/trk3fgmrUpA=="],

    "babel-plugin-react-compiler": ["babel-plugin-react-compiler@1.0.0", "", { "dependencies": { "@babel/types": "^7.26.0" } }, "sha512-Ixm8tFfoKKIPYdCCKYTsqv+Fd4IJ0DQqMyEimo+pxUOMUR9cVPlwTrFt9Avu+3cb6Zp3mAzl+t1MrG2fxxKsxw=="],
  }
}
